
Microsoft Visual Studio Solution File, Format Version 12.00
# Visual Studio Version 17
VisualStudioVersion = 17.14.36717.8
MinimumVisualStudioVersion = 10.0.40219.1
Project("{FAE04EC0-301F-11D3-BF4B-00C04F79EFBC}") = "proxy", "proxy.csproj", "{ABDD0F2A-02E4-459A-AA50-1BD1463CA685}"
EndProject
Project("{FAE04EC0-301F-11D3-BF4B-00C04F79EFBC}") = "events", "..\events\events.csproj", "{735BA03D-B570-4FD4-9519-C507B236894A}"
EndProject
Global
	GlobalSection(SolutionConfigurationPlatforms) = preSolution
		Debug|Any CPU = Debug|Any CPU
		Release|Any CPU = Release|Any CPU
	EndGlobalSection
	GlobalSection(ProjectConfigurationPlatforms) = postSolution
		{ABDD0F2A-02E4-459A-AA50-1BD1463CA685}.Debug|Any CPU.ActiveCfg = Debug|Any CPU
		{ABDD0F2A-02E4-459A-AA50-1BD1463CA685}.Debug|Any CPU.Build.0 = Debug|Any CPU
		{ABDD0F2A-02E4-459A-AA50-1BD1463CA685}.Release|Any CPU.ActiveCfg = Release|Any CPU
		{ABDD0F2A-02E4-459A-AA50-1BD1463CA685}.Release|Any CPU.Build.0 = Release|Any CPU
		{735BA03D-B570-4FD4-9519-C507B236894A}.Debug|Any CPU.ActiveCfg = Debug|Any CPU
		{735BA03D-B570-4FD4-9519-C507B236894A}.Debug|Any CPU.Build.0 = Debug|Any CPU
		{735BA03D-B570-4FD4-9519-C507B236894A}.Release|Any CPU.ActiveCfg = Release|Any CPU
		{735BA03D-B570-4FD4-9519-C507B236894A}.Release|Any CPU.Build.0 = Release|Any CPU
	EndGlobalSection
	GlobalSection(SolutionProperties) = preSolution
		HideSolutionNode = FALSE
	EndGlobalSection
	GlobalSection(ExtensibilityGlobals) = postSolution
		SolutionGuid = {EA2AB563-379D-43B4-AA30-8D54A95100C5}
	EndGlobalSection
EndGlobal
